{
  "name": "LA_project",
  "requires": true,
  "lockfileVersion": 1,
  "dependencies": {
    "highcharts": {
      "version": "8.2.2",
      "resolved": "https://registry.npmjs.org/highcharts/-/highcharts-8.2.2.tgz",
      "integrity": "sha512-F63TXO7RxsvTcpO/KOubQZWualYpCMyCTuKtoWbt7KCsfQ3Kl7Fr6HEyyJdjkYl+XlnmnKlSRi9d3HjLK9Q0wg=="
    },
    "moment": {
      "version": "2.29.1",
      "resolved": "https://registry.npmjs.org/moment/-/moment-2.29.1.tgz",
      "integrity": "sha512-kHmoybcPV8Sqy59DwNDY3Jefr64lK/by/da0ViFcuA4DH0vQg5Q6Ze5VimxkfQNSC+Mls/Kx53s7TjP1RhFEDQ=="
    },
    "sweetalert2": {
      "version": "10.15.6",
      "resolved": "https://registry.npmjs.org/sweetalert2/-/sweetalert2-10.15.6.tgz",
      "integrity": "sha512-elLyVvVwBBsgkT0NrxiiVuEv077gqGhm7WEdBjXRHN+TOX+MoC4LpDW2kbdSeJtjjU1sPdqGKfGLoJElIXfVWA=="
    }
  }
}
