# THIS IS AN AUTOGENERATED FILE. DO NOT EDIT THIS FILE DIRECTLY.
# yarn lockfile v1


datatables.net-bs4@^1.10.24:
  version "1.10.24"
  resolved "https://registry.yarnpkg.com/datatables.net-bs4/-/datatables.net-bs4-1.10.24.tgz#4b2ca1717e6dc06fd5b53a20015151f381473eb3"
  integrity sha512-NgjQMqCo5pg49c5TWsc78UYhcvWPAFkZ7qH4yKAb1e0eLNCAo+TLeaIsDiAPpcWwP7xpjdAmZIIbXDpspNTCkg==
  dependencies:
    datatables.net "1.10.24"
    jquery ">=1.7"

datatables.net@1.10.24:
  version "1.10.24"
  resolved "https://registry.yarnpkg.com/datatables.net/-/datatables.net-1.10.24.tgz#370e02f1e201de8334fdc92e7515c1624191573c"
  integrity sha512-CwXixvOdinvBCLXvcTloDinWiEM7Geaz+GwyjPrZL+MXIGPcLv4Op1bbWn8ErsI1JWMIWC8Cuf1rnDU2RrFV5w==
  dependencies:
    jquery ">=1.7"

highcharts@^8.2.2:
  version "8.2.2"
  resolved "https://registry.yarnpkg.com/highcharts/-/highcharts-8.2.2.tgz#3eb1a694cff013d3385c3ca8e58e69a27be52cab"
  integrity sha512-F63TXO7RxsvTcpO/KOubQZWualYpCMyCTuKtoWbt7KCsfQ3Kl7Fr6HEyyJdjkYl+XlnmnKlSRi9d3HjLK9Q0wg==

jquery@>=1.7:
  version "3.6.0"
  resolved "https://registry.yarnpkg.com/jquery/-/jquery-3.6.0.tgz#c72a09f15c1bdce142f49dbf1170bdf8adac2470"
  integrity sha512-JVzAR/AjBvVt2BmYhxRCSYysDsPcssdmTFnzyLEts9qNwmjmu4JTAMYubEfwVOSwpQ1I1sKKFcxhZCI2buerfw==

moment@^2.29.1:
  version "2.29.1"
  resolved "https://registry.yarnpkg.com/moment/-/moment-2.29.1.tgz#b2be769fa31940be9eeea6469c075e35006fa3d3"
  integrity sha512-kHmoybcPV8Sqy59DwNDY3Jefr64lK/by/da0ViFcuA4DH0vQg5Q6Ze5VimxkfQNSC+Mls/Kx53s7TjP1RhFEDQ==

sweetalert2@^10.15.6:
  version "10.15.6"
  resolved "https://registry.yarnpkg.com/sweetalert2/-/sweetalert2-10.15.6.tgz#8fe309af76543f7d8151a2e57a226f1cceb51a4e"
  integrity sha512-elLyVvVwBBsgkT0NrxiiVuEv077gqGhm7WEdBjXRHN+TOX+MoC4LpDW2kbdSeJtjjU1sPdqGKfGLoJElIXfVWA==
